PODS:
  - CocoaAsyncSocket (7.3.5)
  - CocoaLumberjack (1.9.2):
    - CocoaLumberjack/Extensions (= 1.9.2)
  - CocoaLumberjack/Core (1.9.2)
  - CocoaLumberjack/Extensions (1.9.2):
    - CocoaLumberjack/Core
  - CPAProxy (1.0.0):
    - CocoaAsyncSocket
  - Mantle (1.5.1):
    - Mantle/extobjc (= 1.5.1)
  - Mantle/extobjc (1.5.1)
  - PureLayout (2.0.3)
  - Reachability (3.2)
  - YapDatabase (2.5.4):
    - YapDatabase/standard (= 2.5.4)
  - YapDatabase/common (2.5.4):
    - CocoaLumberjack (~> 1)
  - YapDatabase/standard (2.5.4):
    - YapDatabase/common

DEPENDENCIES:
  - CPAProxy (from `https://github.com/ursachec/CPAProxy.git`)
  - Mantle (~> 1.5)
  - PureLayout (~> 2.0)
  - Reachability (~> 3.1)
  - YapDatabase (~> 2.5)

EXTERNAL SOURCES:
  CPAProxy:
    :git: https://github.com/ursachec/CPAProxy.git

CHECKOUT OPTIONS:
  CPAProxy:
    :commit: d02fb127c3942e81c0e1b2632bef62dea44eb9c8
    :git: https://github.com/ursachec/CPAProxy.git

SPEC CHECKSUMS:
  CocoaAsyncSocket: 45bdbbc1c0a5ed0640ff4c42af325ba43a2f099a
  CocoaLumberjack: 205769c032b5fef85b92472046bcc8b7e7c8a817
  CPAProxy: c3df549999514de2c04633d20a79b00daf627ddb
  Mantle: d7c5ac734579ec751c58fecbf56189853056c58c
  PureLayout: 9658675ed95dabfcdf5154c0771ec9ed0980b370
  Reachability: 1ef8adf5c4e3d362f96515d4278f68dad3c26930
  YapDatabase: c1d6912df1b4a160f7373ee7657d360e29bb00fd

COCOAPODS: 0.35.0
